{
  "name": "backend",
  "lockfileVersion": 3,
  "requires": true,
  "packages": {
    "": {
      "dependencies": {
        "idurar-erp-crm": "file:.."
      }
    },
    "..": {
      "name": "idurar-erp-crm",
      "version": "4.1.0",
      "license": "Fair-code License",
      "dependencies": {
        "@aws-sdk/client-s3": "^3.509.0",
        "bcryptjs": "^2.4.3",
        "compression": "^1.7.4",
        "cookie-parser": "^1.4.6",
        "cors": "^2.8.5",
        "currency.js": "2.0.4",
        "dotenv": "16.3.1",
        "express": "^4.18.2",
        "express-fileupload": "^1.4.3",
        "express-rate-limit": "^7.1.5",
        "glob": "10.3.10",
        "html-pdf": "^3.0.1",
        "joi": "^17.11.0",
        "jsonwebtoken": "^9.0.2",
        "lodash": "^4.17.21",
        "module-alias": "^2.2.3",
        "moment": "^2.30.1",
        "mongoose": "^8.1.1",
        "mongoose-autopopulate": "^1.1.0",
        "multer": "^1.4.4",
        "node-cache": "^5.1.2",
        "openai": "^4.27.0",
        "pug": "^3.0.2",
        "resend": "^2.0.0",
        "shortid": "^2.2.16",
        "transliteration": "^2.3.5"
      },
      "devDependencies": {
        "nodemon": "3.0.1"
      },
      "engines": {
        "node": "20.9.0",
        "npm": "10.2.4"
      }
    },
    "node_modules/idurar-erp-crm": {
      "resolved": "..",
      "link": true
    }
  }
}
